
Microsoft Visual Studio Solution File, Format Version 12.00
# Visual Studio 15
VisualStudioVersion = 15.0.26730.16
MinimumVisualStudioVersion = 10.0.40219.1
Project("{FAE04EC0-301F-11D3-BF4B-00C04F79EFBC}") = "IdentityAndJwtAuthentication.Mvc", "IdentityAndJwtAuthentication.Mvc\IdentityAndJwtAuthentication.Mvc.csproj", "{8F920C99-43A7-46DA-BDE6-CB50984CF018}"
EndProject
Project("{FAE04EC0-301F-11D3-BF4B-00C04F79EFBC}") = "IdentityAndJwtAuthentication.Data", "IdentityAndJwtAuthentication.Data\IdentityAndJwtAuthentication.Data.csproj", "{4E1A9B77-076A-492A-9C83-0CE5084E7974}"
EndProject
Global
	GlobalSection(SolutionConfigurationPlatforms) = preSolution
		Debug|Any CPU = Debug|Any CPU
		Release|Any CPU = Release|Any CPU
	EndGlobalSection
	GlobalSection(ProjectConfigurationPlatforms) = postSolution
		{8F920C99-43A7-46DA-BDE6-CB50984CF018}.Debug|Any CPU.ActiveCfg = Debug|Any CPU
		{8F920C99-43A7-46DA-BDE6-CB50984CF018}.Debug|Any CPU.Build.0 = Debug|Any CPU
		{8F920C99-43A7-46DA-BDE6-CB50984CF018}.Release|Any CPU.ActiveCfg = Release|Any CPU
		{8F920C99-43A7-46DA-BDE6-CB50984CF018}.Release|Any CPU.Build.0 = Release|Any CPU
		{4E1A9B77-076A-492A-9C83-0CE5084E7974}.Debug|Any CPU.ActiveCfg = Debug|Any CPU
		{4E1A9B77-076A-492A-9C83-0CE5084E7974}.Debug|Any CPU.Build.0 = Debug|Any CPU
		{4E1A9B77-076A-492A-9C83-0CE5084E7974}.Release|Any CPU.ActiveCfg = Release|Any CPU
		{4E1A9B77-076A-492A-9C83-0CE5084E7974}.Release|Any CPU.Build.0 = Release|Any CPU
	EndGlobalSection
	GlobalSection(SolutionProperties) = preSolution
		HideSolutionNode = FALSE
	EndGlobalSection
	GlobalSection(ExtensibilityGlobals) = postSolution
		SolutionGuid = {E19FD211-DEDC-4AD8-8F4D-DA5FB15AFEE7}
	EndGlobalSection
EndGlobal
